
Microsoft Visual Studio Solution File, Format Version 12.00
# Visual Studio 15
VisualStudioVersion = 15.0.28010.2026
MinimumVisualStudioVersion = 10.0.40219.1
Project("{FAE04EC0-301F-11D3-BF4B-00C04F79EFBC}") = "ATicket.Android", "ATicket\ATicket.Android\ATicket.Android.csproj", "{A5F197B4-60C7-4CD6-A268-AA73AD69A605}"
EndProject
Project("{FAE04EC0-301F-11D3-BF4B-00C04F79EFBC}") = "ATicket.iOS", "ATicket\ATicket.iOS\ATicket.iOS.csproj", "{A6D820A1-7001-4C86-A87E-DC842770A65E}"
EndProject
Project("{FAE04EC0-301F-11D3-BF4B-00C04F79EFBC}") = "ATicket.UWP", "ATicket\ATicket.UWP\ATicket.UWP.csproj", "{6B8A9D7B-B899-4EC7-A6BD-DA2B69641FC9}"
EndProject
Project("{9A19103F-16F7-4668-BE54-9A1E7A4F7556}") = "ATicket.MobileAppService", "ATicket\ATicket.MobileAppService\ATicket.MobileAppService.csproj", "{9A6C2E37-1FCC-4E56-8161-4835B1903B76}"
EndProject
Project("{9A19103F-16F7-4668-BE54-9A1E7A4F7556}") = "ATicket", "ATicket\ATicket\ATicket.csproj", "{5AB62852-F6AB-4D60-B63B-099A8C5CA483}"
EndProject
Project("{FAE04EC0-301F-11D3-BF4B-00C04F79EFBC}") = "JPushAndroidLibrary", "JPushAndroidLibrary\JPushAndroidLibrary.csproj", "{F489DABF-827D-41B8-9C78-7C1BC0319810}"
EndProject
Global
	GlobalSection(SolutionConfigurationPlatforms) = preSolution
		Debug|Any CPU = Debug|Any CPU
		Debug|ARM = Debug|ARM
		Debug|iPhone = Debug|iPhone
		Debug|iPhoneSimulator = Debug|iPhoneSimulator
		Debug|x64 = Debug|x64
		Debug|x86 = Debug|x86
		Release|Any CPU = Release|Any CPU
		Release|ARM = Release|ARM
		Release|iPhone = Release|iPhone
		Release|iPhoneSimulator = Release|iPhoneSimulator
		Release|x64 = Release|x64
		Release|x86 = Release|x86
	EndGlobalSection
	GlobalSection(ProjectConfigurationPlatforms) = postSolution
		{A5F197B4-60C7-4CD6-A268-AA73AD69A605}.Debug|Any CPU.ActiveCfg = Debug|Any CPU
		{A5F197B4-60C7-4CD6-A268-AA73AD69A605}.Debug|Any CPU.Build.0 = Debug|Any CPU
		{A5F197B4-60C7-4CD6-A268-AA73AD69A605}.Debug|Any CPU.Deploy.0 = Debug|Any CPU
		{A5F197B4-60C7-4CD6-A268-AA73AD69A605}.Debug|ARM.ActiveCfg = Debug|Any CPU
		{A5F197B4-60C7-4CD6-A268-AA73AD69A605}.Debug|ARM.Build.0 = Debug|Any CPU
		{A5F197B4-60C7-4CD6-A268-AA73AD69A605}.Debug|ARM.Deploy.0 = Debug|Any CPU
		{A5F197B4-60C7-4CD6-A268-AA73AD69A605}.Debug|iPhone.ActiveCfg = Debug|Any CPU
		{A5F197B4-60C7-4CD6-A268-AA73AD69A605}.Debug|iPhone.Build.0 = Debug|Any CPU
		{A5F197B4-60C7-4CD6-A268-AA73AD69A605}.Debug|iPhone.Deploy.0 = Debug|Any CPU
		{A5F197B4-60C7-4CD6-A268-AA73AD69A605}.Debug|iPhoneSimulator.ActiveCfg = Debug|Any CPU
		{A5F197B4-60C7-4CD6-A268-AA73AD69A605}.Debug|iPhoneSimulator.Build.0 = Debug|Any CPU
		{A5F197B4-60C7-4CD6-A268-AA73AD69A605}.Debug|iPhoneSimulator.Deploy.0 = Debug|Any CPU
		{A5F197B4-60C7-4CD6-A268-AA73AD69A605}.Debug|x64.ActiveCfg = Debug|Any CPU
		{A5F197B4-60C7-4CD6-A268-AA73AD69A605}.Debug|x64.Build.0 = Debug|Any CPU
		{A5F197B4-60C7-4CD6-A268-AA73AD69A605}.Debug|x64.Deploy.0 = Debug|Any CPU
		{A5F197B4-60C7-4CD6-A268-AA73AD69A605}.Debug|x86.ActiveCfg = Debug|Any CPU
		{A5F197B4-60C7-4CD6-A268-AA73AD69A605}.Debug|x86.Build.0 = Debug|Any CPU
		{A5F197B4-60C7-4CD6-A268-AA73AD69A605}.Debug|x86.Deploy.0 = Debug|Any CPU
		{A5F197B4-60C7-4CD6-A268-AA73AD69A605}.Release|Any CPU.ActiveCfg = Release|Any CPU
		{A5F197B4-60C7-4CD6-A268-AA73AD69A605}.Release|Any CPU.Build.0 = Release|Any CPU
		{A5F197B4-60C7-4CD6-A268-AA73AD69A605}.Release|Any CPU.Deploy.0 = Release|Any CPU
		{A5F197B4-60C7-4CD6-A268-AA73AD69A605}.Release|ARM.ActiveCfg = Release|Any CPU
		{A5F197B4-60C7-4CD6-A268-AA73AD69A605}.Release|ARM.Build.0 = Release|Any CPU
		{A5F197B4-60C7-4CD6-A268-AA73AD69A605}.Release|ARM.Deploy.0 = Release|Any CPU
		{A5F197B4-60C7-4CD6-A268-AA73AD69A605}.Release|iPhone.ActiveCfg = Release|Any CPU
		{A5F197B4-60C7-4CD6-A268-AA73AD69A605}.Release|iPhone.Build.0 = Release|Any CPU
		{A5F197B4-60C7-4CD6-A268-AA73AD69A605}.Release|iPhone.Deploy.0 = Release|Any CPU
		{A5F197B4-60C7-4CD6-A268-AA73AD69A605}.Release|iPhoneSimulator.ActiveCfg = Release|Any CPU
		{A5F197B4-60C7-4CD6-A268-AA73AD69A605}.Release|iPhoneSimulator.Build.0 = Release|Any CPU
		{A5F197B4-60C7-4CD6-A268-AA73AD69A605}.Release|iPhoneSimulator.Deploy.0 = Release|Any CPU
		{A5F197B4-60C7-4CD6-A268-AA73AD69A605}.Release|x64.ActiveCfg = Release|Any CPU
		{A5F197B4-60C7-4CD6-A268-AA73AD69A605}.Release|x64.Build.0 = Release|Any CPU
		{A5F197B4-60C7-4CD6-A268-AA73AD69A605}.Release|x64.Deploy.0 = Release|Any CPU
		{A5F197B4-60C7-4CD6-A268-AA73AD69A605}.Release|x86.ActiveCfg = Release|Any CPU
		{A5F197B4-60C7-4CD6-A268-AA73AD69A605}.Release|x86.Build.0 = Release|Any CPU
		{A5F197B4-60C7-4CD6-A268-AA73AD69A605}.Release|x86.Deploy.0 = Release|Any CPU
		{A6D820A1-7001-4C86-A87E-DC842770A65E}.Debug|Any CPU.ActiveCfg = Debug|iPhoneSimulator
		{A6D820A1-7001-4C86-A87E-DC842770A65E}.Debug|Any CPU.Build.0 = Debug|iPhoneSimulator
		{A6D820A1-7001-4C86-A87E-DC842770A65E}.Debug|Any CPU.Deploy.0 = Debug|iPhoneSimulator
		{A6D820A1-7001-4C86-A87E-DC842770A65E}.Debug|ARM.ActiveCfg = Debug|iPhone
		{A6D820A1-7001-4C86-A87E-DC842770A65E}.Debug|ARM.Build.0 = Debug|iPhone
		{A6D820A1-7001-4C86-A87E-DC842770A65E}.Debug|ARM.Deploy.0 = Debug|iPhone
		{A6D820A1-7001-4C86-A87E-DC842770A65E}.Debug|iPhone.ActiveCfg = Debug|iPhone
		{A6D820A1-7001-4C86-A87E-DC842770A65E}.Debug|iPhone.Build.0 = Debug|iPhone
		{A6D820A1-7001-4C86-A87E-DC842770A65E}.Debug|iPhone.Deploy.0 = Debug|iPhone
		{A6D820A1-7001-4C86-A87E-DC842770A65E}.Debug|iPhoneSimulator.ActiveCfg = Debug|iPhoneSimulator
		{A6D820A1-7001-4C86-A87E-DC842770A65E}.Debug|iPhoneSimulator.Build.0 = Debug|iPhoneSimulator
		{A6D820A1-7001-4C86-A87E-DC842770A65E}.Debug|iPhoneSimulator.Deploy.0 = Debug|iPhoneSimulator
		{A6D820A1-7001-4C86-A87E-DC842770A65E}.Debug|x64.ActiveCfg = Debug|iPhone
		{A6D820A1-7001-4C86-A87E-DC842770A65E}.Debug|x64.Build.0 = Debug|iPhone
		{A6D820A1-7001-4C86-A87E-DC842770A65E}.Debug|x64.Deploy.0 = Debug|iPhone
		{A6D820A1-7001-4C86-A87E-DC842770A65E}.Debug|x86.ActiveCfg = Debug|iPhone
		{A6D820A1-7001-4C86-A87E-DC842770A65E}.Debug|x86.Build.0 = Debug|iPhone
		{A6D820A1-7001-4C86-A87E-DC842770A65E}.Debug|x86.Deploy.0 = Debug|iPhone
		{A6D820A1-7001-4C86-A87E-DC842770A65E}.Release|Any CPU.ActiveCfg = Release|iPhone
		{A6D820A1-7001-4C86-A87E-DC842770A65E}.Release|Any CPU.Build.0 = Release|iPhone
		{A6D820A1-7001-4C86-A87E-DC842770A65E}.Release|Any CPU.Deploy.0 = Release|iPhone
		{A6D820A1-7001-4C86-A87E-DC842770A65E}.Release|ARM.ActiveCfg = Release|iPhone
		{A6D820A1-7001-4C86-A87E-DC842770A65E}.Release|ARM.Build.0 = Release|iPhone
		{A6D820A1-7001-4C86-A87E-DC842770A65E}.Release|ARM.Deploy.0 = Release|iPhone
		{A6D820A1-7001-4C86-A87E-DC842770A65E}.Release|iPhone.ActiveCfg = Release|iPhone
		{A6D820A1-7001-4C86-A87E-DC842770A65E}.Release|iPhone.Build.0 = Release|iPhone
		{A6D820A1-7001-4C86-A87E-DC842770A65E}.Release|iPhone.Deploy.0 = Release|iPhone
		{A6D820A1-7001-4C86-A87E-DC842770A65E}.Release|iPhoneSimulator.ActiveCfg = Release|iPhoneSimulator
		{A6D820A1-7001-4C86-A87E-DC842770A65E}.Release|iPhoneSimulator.Build.0 = Release|iPhoneSimulator
		{A6D820A1-7001-4C86-A87E-DC842770A65E}.Release|iPhoneSimulator.Deploy.0 = Release|iPhoneSimulator
		{A6D820A1-7001-4C86-A87E-DC842770A65E}.Release|x64.ActiveCfg = Release|iPhone
		{A6D820A1-7001-4C86-A87E-DC842770A65E}.Release|x64.Build.0 = Release|iPhone
		{A6D820A1-7001-4C86-A87E-DC842770A65E}.Release|x64.Deploy.0 = Release|iPhone
		{A6D820A1-7001-4C86-A87E-DC842770A65E}.Release|x86.ActiveCfg = Release|iPhone
		{A6D820A1-7001-4C86-A87E-DC842770A65E}.Release|x86.Build.0 = Release|iPhone
		{A6D820A1-7001-4C86-A87E-DC842770A65E}.Release|x86.Deploy.0 = Release|iPhone
		{6B8A9D7B-B899-4EC7-A6BD-DA2B69641FC9}.Debug|Any CPU.ActiveCfg = Debug|x86
		{6B8A9D7B-B899-4EC7-A6BD-DA2B69641FC9}.Debug|Any CPU.Build.0 = Debug|x86
		{6B8A9D7B-B899-4EC7-A6BD-DA2B69641FC9}.Debug|Any CPU.Deploy.0 = Debug|x86
		{6B8A9D7B-B899-4EC7-A6BD-DA2B69641FC9}.Debug|ARM.ActiveCfg = Debug|ARM
		{6B8A9D7B-B899-4EC7-A6BD-DA2B69641FC9}.Debug|ARM.Build.0 = Debug|ARM
		{6B8A9D7B-B899-4EC7-A6BD-DA2B69641FC9}.Debug|ARM.Deploy.0 = Debug|ARM
		{6B8A9D7B-B899-4EC7-A6BD-DA2B69641FC9}.Debug|iPhone.ActiveCfg = Debug|x86
		{6B8A9D7B-B899-4EC7-A6BD-DA2B69641FC9}.Debug|iPhone.Build.0 = Debug|x86
		{6B8A9D7B-B899-4EC7-A6BD-DA2B69641FC9}.Debug|iPhone.Deploy.0 = Debug|x86
		{6B8A9D7B-B899-4EC7-A6BD-DA2B69641FC9}.Debug|iPhoneSimulator.ActiveCfg = Debug|x86
		{6B8A9D7B-B899-4EC7-A6BD-DA2B69641FC9}.Debug|iPhoneSimulator.Build.0 = Debug|x86
		{6B8A9D7B-B899-4EC7-A6BD-DA2B69641FC9}.Debug|iPhoneSimulator.Deploy.0 = Debug|x86
		{6B8A9D7B-B899-4EC7-A6BD-DA2B69641FC9}.Debug|x64.ActiveCfg = Debug|x64
		{6B8A9D7B-B899-4EC7-A6BD-DA2B69641FC9}.Debug|x64.Build.0 = Debug|x64
		{6B8A9D7B-B899-4EC7-A6BD-DA2B69641FC9}.Debug|x64.Deploy.0 = Debug|x64
		{6B8A9D7B-B899-4EC7-A6BD-DA2B69641FC9}.Debug|x86.ActiveCfg = Debug|x86
		{6B8A9D7B-B899-4EC7-A6BD-DA2B69641FC9}.Debug|x86.Build.0 = Debug|x86
		{6B8A9D7B-B899-4EC7-A6BD-DA2B69641FC9}.Debug|x86.Deploy.0 = Debug|x86
		{6B8A9D7B-B899-4EC7-A6BD-DA2B69641FC9}.Release|Any CPU.ActiveCfg = Release|x86
		{6B8A9D7B-B899-4EC7-A6BD-DA2B69641FC9}.Release|Any CPU.Build.0 = Release|x86
		{6B8A9D7B-B899-4EC7-A6BD-DA2B69641FC9}.Release|Any CPU.Deploy.0 = Release|x86
		{6B8A9D7B-B899-4EC7-A6BD-DA2B69641FC9}.Release|ARM.ActiveCfg = Release|ARM
		{6B8A9D7B-B899-4EC7-A6BD-DA2B69641FC9}.Release|ARM.Build.0 = Release|ARM
		{6B8A9D7B-B899-4EC7-A6BD-DA2B69641FC9}.Release|ARM.Deploy.0 = Release|ARM
		{6B8A9D7B-B899-4EC7-A6BD-DA2B69641FC9}.Release|iPhone.ActiveCfg = Release|x86
		{6B8A9D7B-B899-4EC7-A6BD-DA2B69641FC9}.Release|iPhone.Build.0 = Release|x86
		{6B8A9D7B-B899-4EC7-A6BD-DA2B69641FC9}.Release|iPhone.Deploy.0 = Release|x86
		{6B8A9D7B-B899-4EC7-A6BD-DA2B69641FC9}.Release|iPhoneSimulator.ActiveCfg = Release|x86
		{6B8A9D7B-B899-4EC7-A6BD-DA2B69641FC9}.Release|iPhoneSimulator.Build.0 = Release|x86
		{6B8A9D7B-B899-4EC7-A6BD-DA2B69641FC9}.Release|iPhoneSimulator.Deploy.0 = Release|x86
		{6B8A9D7B-B899-4EC7-A6BD-DA2B69641FC9}.Release|x64.ActiveCfg = Release|x64
		{6B8A9D7B-B899-4EC7-A6BD-DA2B69641FC9}.Release|x64.Build.0 = Release|x64
		{6B8A9D7B-B899-4EC7-A6BD-DA2B69641FC9}.Release|x64.Deploy.0 = Release|x64
		{6B8A9D7B-B899-4EC7-A6BD-DA2B69641FC9}.Release|x86.ActiveCfg = Release|x86
		{6B8A9D7B-B899-4EC7-A6BD-DA2B69641FC9}.Release|x86.Build.0 = Release|x86
		{6B8A9D7B-B899-4EC7-A6BD-DA2B69641FC9}.Release|x86.Deploy.0 = Release|x86
		{9A6C2E37-1FCC-4E56-8161-4835B1903B76}.Debug|Any CPU.ActiveCfg = Debug|Any CPU
		{9A6C2E37-1FCC-4E56-8161-4835B1903B76}.Debug|Any CPU.Build.0 = Debug|Any CPU
		{9A6C2E37-1FCC-4E56-8161-4835B1903B76}.Debug|Any CPU.Deploy.0 = Debug|Any CPU
		{9A6C2E37-1FCC-4E56-8161-4835B1903B76}.Debug|ARM.ActiveCfg = Debug|Any CPU
		{9A6C2E37-1FCC-4E56-8161-4835B1903B76}.Debug|ARM.Build.0 = Debug|Any CPU
		{9A6C2E37-1FCC-4E56-8161-4835B1903B76}.Debug|ARM.Deploy.0 = Debug|Any CPU
		{9A6C2E37-1FCC-4E56-8161-4835B1903B76}.Debug|iPhone.ActiveCfg = Debug|Any CPU
		{9A6C2E37-1FCC-4E56-8161-4835B1903B76}.Debug|iPhone.Build.0 = Debug|Any CPU
		{9A6C2E37-1FCC-4E56-8161-4835B1903B76}.Debug|iPhone.Deploy.0 = Debug|Any CPU
		{9A6C2E37-1FCC-4E56-8161-4835B1903B76}.Debug|iPhoneSimulator.ActiveCfg = Debug|Any CPU
		{9A6C2E37-1FCC-4E56-8161-4835B1903B76}.Debug|iPhoneSimulator.Build.0 = Debug|Any CPU
		{9A6C2E37-1FCC-4E56-8161-4835B1903B76}.Debug|iPhoneSimulator.Deploy.0 = Debug|Any CPU
		{9A6C2E37-1FCC-4E56-8161-4835B1903B76}.Debug|x64.ActiveCfg = Debug|Any CPU
		{9A6C2E37-1FCC-4E56-8161-4835B1903B76}.Debug|x64.Build.0 = Debug|Any CPU
		{9A6C2E37-1FCC-4E56-8161-4835B1903B76}.Debug|x64.Deploy.0 = Debug|Any CPU
		{9A6C2E37-1FCC-4E56-8161-4835B1903B76}.Debug|x86.ActiveCfg = Debug|Any CPU
		{9A6C2E37-1FCC-4E56-8161-4835B1903B76}.Debug|x86.Build.0 = Debug|Any CPU
		{9A6C2E37-1FCC-4E56-8161-4835B1903B76}.Debug|x86.Deploy.0 = Debug|Any CPU
		{9A6C2E37-1FCC-4E56-8161-4835B1903B76}.Release|Any CPU.ActiveCfg = Release|Any CPU
		{9A6C2E37-1FCC-4E56-8161-4835B1903B76}.Release|Any CPU.Build.0 = Release|Any CPU
		{9A6C2E37-1FCC-4E56-8161-4835B1903B76}.Release|Any CPU.Deploy.0 = Release|Any CPU
		{9A6C2E37-1FCC-4E56-8161-4835B1903B76}.Release|ARM.ActiveCfg = Release|Any CPU
		{9A6C2E37-1FCC-4E56-8161-4835B1903B76}.Release|ARM.Build.0 = Release|Any CPU
		{9A6C2E37-1FCC-4E56-8161-4835B1903B76}.Release|ARM.Deploy.0 = Release|Any CPU
		{9A6C2E37-1FCC-4E56-8161-4835B1903B76}.Release|iPhone.ActiveCfg = Release|Any CPU
		{9A6C2E37-1FCC-4E56-8161-4835B1903B76}.Release|iPhone.Build.0 = Release|Any CPU
		{9A6C2E37-1FCC-4E56-8161-4835B1903B76}.Release|iPhone.Deploy.0 = Release|Any CPU
		{9A6C2E37-1FCC-4E56-8161-4835B1903B76}.Release|iPhoneSimulator.ActiveCfg = Release|Any CPU
		{9A6C2E37-1FCC-4E56-8161-4835B1903B76}.Release|iPhoneSimulator.Build.0 = Release|Any CPU
		{9A6C2E37-1FCC-4E56-8161-4835B1903B76}.Release|iPhoneSimulator.Deploy.0 = Release|Any CPU
		{9A6C2E37-1FCC-4E56-8161-4835B1903B76}.Release|x64.ActiveCfg = Release|Any CPU
		{9A6C2E37-1FCC-4E56-8161-4835B1903B76}.Release|x64.Build.0 = Release|Any CPU
		{9A6C2E37-1FCC-4E56-8161-4835B1903B76}.Release|x64.Deploy.0 = Release|Any CPU
		{9A6C2E37-1FCC-4E56-8161-4835B1903B76}.Release|x86.ActiveCfg = Release|Any CPU
		{9A6C2E37-1FCC-4E56-8161-4835B1903B76}.Release|x86.Build.0 = Release|Any CPU
		{9A6C2E37-1FCC-4E56-8161-4835B1903B76}.Release|x86.Deploy.0 = Release|Any CPU
		{5AB62852-F6AB-4D60-B63B-099A8C5CA483}.Debug|Any CPU.ActiveCfg = Debug|Any CPU
		{5AB62852-F6AB-4D60-B63B-099A8C5CA483}.Debug|Any CPU.Build.0 = Debug|Any CPU
		{5AB62852-F6AB-4D60-B63B-099A8C5CA483}.Debug|Any CPU.Deploy.0 = Debug|Any CPU
		{5AB62852-F6AB-4D60-B63B-099A8C5CA483}.Debug|ARM.ActiveCfg = Debug|Any CPU
		{5AB62852-F6AB-4D60-B63B-099A8C5CA483}.Debug|ARM.Build.0 = Debug|Any CPU
		{5AB62852-F6AB-4D60-B63B-099A8C5CA483}.Debug|ARM.Deploy.0 = Debug|Any CPU
		{5AB62852-F6AB-4D60-B63B-099A8C5CA483}.Debug|iPhone.ActiveCfg = Debug|Any CPU
		{5AB62852-F6AB-4D60-B63B-099A8C5CA483}.Debug|iPhone.Build.0 = Debug|Any CPU
		{5AB62852-F6AB-4D60-B63B-099A8C5CA483}.Debug|iPhone.Deploy.0 = Debug|Any CPU
		{5AB62852-F6AB-4D60-B63B-099A8C5CA483}.Debug|iPhoneSimulator.ActiveCfg = Debug|Any CPU
		{5AB62852-F6AB-4D60-B63B-099A8C5CA483}.Debug|iPhoneSimulator.Build.0 = Debug|Any CPU
		{5AB62852-F6AB-4D60-B63B-099A8C5CA483}.Debug|iPhoneSimulator.Deploy.0 = Debug|Any CPU
		{5AB62852-F6AB-4D60-B63B-099A8C5CA483}.Debug|x64.ActiveCfg = Debug|Any CPU
		{5AB62852-F6AB-4D60-B63B-099A8C5CA483}.Debug|x64.Build.0 = Debug|Any CPU
		{5AB62852-F6AB-4D60-B63B-099A8C5CA483}.Debug|x64.Deploy.0 = Debug|Any CPU
		{5AB62852-F6AB-4D60-B63B-099A8C5CA483}.Debug|x86.ActiveCfg = Debug|Any CPU
		{5AB62852-F6AB-4D60-B63B-099A8C5CA483}.Debug|x86.Build.0 = Debug|Any CPU
		{5AB62852-F6AB-4D60-B63B-099A8C5CA483}.Debug|x86.Deploy.0 = Debug|Any CPU
		{5AB62852-F6AB-4D60-B63B-099A8C5CA483}.Release|Any CPU.ActiveCfg = Release|Any CPU
		{5AB62852-F6AB-4D60-B63B-099A8C5CA483}.Release|Any CPU.Build.0 = Release|Any CPU
		{5AB62852-F6AB-4D60-B63B-099A8C5CA483}.Release|Any CPU.Deploy.0 = Release|Any CPU
		{5AB62852-F6AB-4D60-B63B-099A8C5CA483}.Release|ARM.ActiveCfg = Release|Any CPU
		{5AB62852-F6AB-4D60-B63B-099A8C5CA483}.Release|ARM.Build.0 = Release|Any CPU
		{5AB62852-F6AB-4D60-B63B-099A8C5CA483}.Release|ARM.Deploy.0 = Release|Any CPU
		{5AB62852-F6AB-4D60-B63B-099A8C5CA483}.Release|iPhone.ActiveCfg = Release|Any CPU
		{5AB62852-F6AB-4D60-B63B-099A8C5CA483}.Release|iPhone.Build.0 = Release|Any CPU
		{5AB62852-F6AB-4D60-B63B-099A8C5CA483}.Release|iPhone.Deploy.0 = Release|Any CPU
		{5AB62852-F6AB-4D60-B63B-099A8C5CA483}.Release|iPhoneSimulator.ActiveCfg = Release|Any CPU
		{5AB62852-F6AB-4D60-B63B-099A8C5CA483}.Release|iPhoneSimulator.Build.0 = Release|Any CPU
		{5AB62852-F6AB-4D60-B63B-099A8C5CA483}.Release|iPhoneSimulator.Deploy.0 = Release|Any CPU
		{5AB62852-F6AB-4D60-B63B-099A8C5CA483}.Release|x64.ActiveCfg = Release|Any CPU
		{5AB62852-F6AB-4D60-B63B-099A8C5CA483}.Release|x64.Build.0 = Release|Any CPU
		{5AB62852-F6AB-4D60-B63B-099A8C5CA483}.Release|x64.Deploy.0 = Release|Any CPU
		{5AB62852-F6AB-4D60-B63B-099A8C5CA483}.Release|x86.ActiveCfg = Release|Any CPU
		{5AB62852-F6AB-4D60-B63B-099A8C5CA483}.Release|x86.Build.0 = Release|Any CPU
		{5AB62852-F6AB-4D60-B63B-099A8C5CA483}.Release|x86.Deploy.0 = Release|Any CPU
		{F489DABF-827D-41B8-9C78-7C1BC0319810}.Debug|Any CPU.ActiveCfg = Debug|Any CPU
		{F489DABF-827D-41B8-9C78-7C1BC0319810}.Debug|Any CPU.Build.0 = Debug|Any CPU
		{F489DABF-827D-41B8-9C78-7C1BC0319810}.Debug|ARM.ActiveCfg = Debug|Any CPU
		{F489DABF-827D-41B8-9C78-7C1BC0319810}.Debug|ARM.Build.0 = Debug|Any CPU
		{F489DABF-827D-41B8-9C78-7C1BC0319810}.Debug|iPhone.ActiveCfg = Debug|Any CPU
		{F489DABF-827D-41B8-9C78-7C1BC0319810}.Debug|iPhone.Build.0 = Debug|Any CPU
		{F489DABF-827D-41B8-9C78-7C1BC0319810}.Debug|iPhoneSimulator.ActiveCfg = Debug|Any CPU
		{F489DABF-827D-41B8-9C78-7C1BC0319810}.Debug|iPhoneSimulator.Build.0 = Debug|Any CPU
		{F489DABF-827D-41B8-9C78-7C1BC0319810}.Debug|x64.ActiveCfg = Debug|Any CPU
		{F489DABF-827D-41B8-9C78-7C1BC0319810}.Debug|x64.Build.0 = Debug|Any CPU
		{F489DABF-827D-41B8-9C78-7C1BC0319810}.Debug|x86.ActiveCfg = Debug|Any CPU
		{F489DABF-827D-41B8-9C78-7C1BC0319810}.Debug|x86.Build.0 = Debug|Any CPU
		{F489DABF-827D-41B8-9C78-7C1BC0319810}.Release|Any CPU.ActiveCfg = Release|Any CPU
		{F489DABF-827D-41B8-9C78-7C1BC0319810}.Release|Any CPU.Build.0 = Release|Any CPU
		{F489DABF-827D-41B8-9C78-7C1BC0319810}.Release|ARM.ActiveCfg = Release|Any CPU
		{F489DABF-827D-41B8-9C78-7C1BC0319810}.Release|ARM.Build.0 = Release|Any CPU
		{F489DABF-827D-41B8-9C78-7C1BC0319810}.Release|iPhone.ActiveCfg = Release|Any CPU
		{F489DABF-827D-41B8-9C78-7C1BC0319810}.Release|iPhone.Build.0 = Release|Any CPU
		{F489DABF-827D-41B8-9C78-7C1BC0319810}.Release|iPhoneSimulator.ActiveCfg = Release|Any CPU
		{F489DABF-827D-41B8-9C78-7C1BC0319810}.Release|iPhoneSimulator.Build.0 = Release|Any CPU
		{F489DABF-827D-41B8-9C78-7C1BC0319810}.Release|x64.ActiveCfg = Release|Any CPU
		{F489DABF-827D-41B8-9C78-7C1BC0319810}.Release|x64.Build.0 = Release|Any CPU
		{F489DABF-827D-41B8-9C78-7C1BC0319810}.Release|x86.ActiveCfg = Release|Any CPU
		{F489DABF-827D-41B8-9C78-7C1BC0319810}.Release|x86.Build.0 = Release|Any CPU
	EndGlobalSection
	GlobalSection(SolutionProperties) = preSolution
		HideSolutionNode = FALSE
	EndGlobalSection
	GlobalSection(ExtensibilityGlobals) = postSolution
		SolutionGuid = {EE2DDA36-8D12-404D-BB3F-83EBA797C65F}
	EndGlobalSection
EndGlobal
